
Microsoft Visual Studio Solution File, Format Version 12.00
# Visual Studio Version 17
VisualStudioVersion = 17.9.34902.65
MinimumVisualStudioVersion = 10.0.40219.1
Project("{9A19103F-16F7-4668-BE54-9A1E7A4F7556}") = "PuzzleSharp", "PuzzleSharp\PuzzleSharp.csproj", "{9E7C6DED-160C-4297-9D60-85501F787B3C}"
EndProject
Project("{FAE04EC0-301F-11D3-BF4B-00C04F79EFBC}") = "PuzzleSharp.Test", "PuzzleSharp.Test\PuzzleSharp.Test.csproj", "{374E267D-5A1A-4158-9ABD-A0156C55660E}"
EndProject
Global
	GlobalSection(SolutionConfigurationPlatforms) = preSolution
		Debug|Any CPU = Debug|Any CPU
		Release|Any CPU = Release|Any CPU
	EndGlobalSection
	GlobalSection(ProjectConfigurationPlatforms) = postSolution
		{9E7C6DED-160C-4297-9D60-85501F787B3C}.Debug|Any CPU.ActiveCfg = Debug|Any CPU
		{9E7C6DED-160C-4297-9D60-85501F787B3C}.Debug|Any CPU.Build.0 = Debug|Any CPU
		{9E7C6DED-160C-4297-9D60-85501F787B3C}.Release|Any CPU.ActiveCfg = Release|Any CPU
		{9E7C6DED-160C-4297-9D60-85501F787B3C}.Release|Any CPU.Build.0 = Release|Any CPU
		{374E267D-5A1A-4158-9ABD-A0156C55660E}.Debug|Any CPU.ActiveCfg = Debug|Any CPU
		{374E267D-5A1A-4158-9ABD-A0156C55660E}.Debug|Any CPU.Build.0 = Debug|Any CPU
		{374E267D-5A1A-4158-9ABD-A0156C55660E}.Release|Any CPU.ActiveCfg = Release|Any CPU
		{374E267D-5A1A-4158-9ABD-A0156C55660E}.Release|Any CPU.Build.0 = Release|Any CPU
	EndGlobalSection
	GlobalSection(SolutionProperties) = preSolution
		HideSolutionNode = FALSE
	EndGlobalSection
	GlobalSection(ExtensibilityGlobals) = postSolution
		SolutionGuid = {E45F144E-9E5B-4D85-B296-0290F3662C85}
	EndGlobalSection
EndGlobal
